
Microsoft Visual Studio Solution File, Format Version 12.00
# Visual Studio 15
VisualStudioVersion = 15.0.27004.2010
MinimumVisualStudioVersion = 10.0.40219.1
Project("{FAE04EC0-301F-11D3-BF4B-00C04F79EFBC}") = "ClassManagementSystem", "ClassManagementSystem.csproj", "{A36AAB68-168F-431A-ABE3-6953EEF5FB4C}"
EndProject
Global
	GlobalSection(SolutionConfigurationPlatforms) = preSolution
		Debug|Any CPU = Debug|Any CPU
		Release|Any CPU = Release|Any CPU
	EndGlobalSection
	GlobalSection(ProjectConfigurationPlatforms) = postSolution
		{A36AAB68-168F-431A-ABE3-6953EEF5FB4C}.Debug|Any CPU.ActiveCfg = Debug|Any CPU
		{A36AAB68-168F-431A-ABE3-6953EEF5FB4C}.Debug|Any CPU.Build.0 = Debug|Any CPU
		{A36AAB68-168F-431A-ABE3-6953EEF5FB4C}.Release|Any CPU.ActiveCfg = Release|Any CPU
		{A36AAB68-168F-431A-ABE3-6953EEF5FB4C}.Release|Any CPU.Build.0 = Release|Any CPU
	EndGlobalSection
	GlobalSection(SolutionProperties) = preSolution
		HideSolutionNode = FALSE
	EndGlobalSection
	GlobalSection(ExtensibilityGlobals) = postSolution
		SolutionGuid = {8E71A77E-A26A-486C-AC4B-95F02A736A66}
	EndGlobalSection
EndGlobal
